<?xml version="1.0" encoding="utf-8"?>
<Project ToolsVersion="4.0" xmlns="http://schemas.microsoft.com/developer/msbuild/2003">
  <ItemGroup>
    <Filter Include="Source Files">
      <UniqueIdentifier>{E9C7FDCE-D52A-8D73-7EB0-C5296AF258F6}</UniqueIdentifier>
    </Filter>
  </ItemGroup>
  <ItemGroup>
    <ClCompile Include="main.cpp">
      <Filter>Source Files</Filter>
    </ClCompile>
    <ClCompile Include="UI\Button.cpp">
      <Filter>Source Files</Filter>
    </ClCompile>
    <ClCompile Include="Managers\GameLoop.cpp">
      <Filter>Source Files</Filter>
    </ClCompile>
    <ClCompile Include="UI\ViewBase.cpp">
      <Filter>Source Files</Filter>
    </ClCompile>
    <ClCompile Include="UI\ViewMenu.cpp">
      <Filter>Source Files</Filter>
    </ClCompile>
    <ClCompile Include="Managers\GameState.cpp">
      <Filter>Source Files</Filter>
    </ClCompile>
    <ClCompile Include="UI\ViewPlay.cpp">
      <Filter>Source Files</Filter>
    </ClCompile>
    <ClCompile Include="UI\ItemButton.cpp">
      <Filter>Source Files</Filter>
    </ClCompile>
    <ClCompile Include="components\CooldownComponent.cpp" />
    <ClCompile Include="data\GameData.cpp">
      <Filter>Source Files</Filter>
    </ClCompile>
    <ClCompile Include="data\UnitBehaviour.cpp">
      <Filter>Source Files</Filter>
    </ClCompile>
    <ClCompile Include="world\Unit.cpp">
      <Filter>Source Files</Filter>
    </ClCompile>
    <ClCompile Include="world\WorldObject.cpp" />
    <ClCompile Include="world\Bullet.cpp" />
    <ClCompile Include="world\NeutralObject.cpp" />
    <ClCompile Include="helpers\StringHelpers.cpp" />
    <ClCompile Include="UI\FloatingText.cpp">
      <Filter>Source Files</Filter>
    </ClCompile>
    <ClCompile Include="data\SpellBehaviour.cpp">
      <Filter>Source Files</Filter>
    </ClCompile>
    <ClCompile Include="helpers\draw.cpp">
      <Filter>Source Files</Filter>
    </ClCompile>
  </ItemGroup>
  <ItemGroup>
    <ClInclude Include="UI\Button.h">
      <Filter>Source Files</Filter>
    </ClInclude>
    <ClInclude Include="Managers\GameLoop.h">
      <Filter>Source Files</Filter>
    </ClInclude>
    <ClInclude Include="UI\ViewBase.h">
      <Filter>Source Files</Filter>
    </ClInclude>
    <ClInclude Include="UI\ViewMenu.h">
      <Filter>Source Files</Filter>
    </ClInclude>
    <ClInclude Include="Managers\GameState.h">
      <Filter>Source Files</Filter>
    </ClInclude>
    <ClInclude Include="UI\ViewPlay.h">
      <Filter>Source Files</Filter>
    </ClInclude>
    <ClInclude Include="UI\ItemButton.h">
      <Filter>Source Files</Filter>
    </ClInclude>
    <ClInclude Include="components\CooldownComponent.h">
      <Filter>Source Files</Filter>
    </ClInclude>
    <ClInclude Include="data\GameData.h">
      <Filter>Source Files</Filter>
    </ClInclude>
    <ClInclude Include="data\UnitBehaviour.h">
      <Filter>Source Files</Filter>
    </ClInclude>
    <ClInclude Include="world\Unit.h">
      <Filter>Source Files</Filter>
    </ClInclude>
    <ClInclude Include="world\Bullet.h" />
    <ClInclude Include="world\WorldObject.h" />
    <ClInclude Include="world\NeutralObject.h">
      <Filter>Source Files</Filter>
    </ClInclude>
    <ClInclude Include="Constants.h">
      <Filter>Source Files</Filter>
    </ClInclude>
    <ClInclude Include="helpers\StringHelpers.h" />
    <ClInclude Include="UI\FloatingText.h">
      <Filter>Source Files</Filter>
    </ClInclude>
    <ClInclude Include="data\SpellBehaviour.h">
      <Filter>Source Files</Filter>
    </ClInclude>
    <ClInclude Include="helpers\draw.h">
      <Filter>Source Files</Filter>
    </ClInclude>
  </ItemGroup>
  <ItemGroup>
    <None Include="cpp.hint" />
  </ItemGroup>
</Project>